
Microsoft Visual Studio Solution File, Format Version 12.00
# Visual Studio Version 16
VisualStudioVersion = 16.0.29306.81
MinimumVisualStudioVersion = 10.0.40219.1
Project("{FAE04EC0-301F-11D3-BF4B-00C04F79EFBC}") = "WebApplication1", "WebApplication1\WebApplication1.csproj", "{F4769B3D-DA85-42E4-8F23-6F4D11FC948A}"
EndProject
Global
	GlobalSection(SolutionConfigurationPlatforms) = preSolution
		Debug|Any CPU = Debug|Any CPU
		Release|Any CPU = Release|Any CPU
	EndGlobalSection
	GlobalSection(ProjectConfigurationPlatforms) = postSolution
		{F4769B3D-DA85-42E4-8F23-6F4D11FC948A}.Debug|Any CPU.ActiveCfg = Debug|Any CPU
		{F4769B3D-DA85-42E4-8F23-6F4D11FC948A}.Debug|Any CPU.Build.0 = Debug|Any CPU
		{F4769B3D-DA85-42E4-8F23-6F4D11FC948A}.Release|Any CPU.ActiveCfg = Release|Any CPU
		{F4769B3D-DA85-42E4-8F23-6F4D11FC948A}.Release|Any CPU.Build.0 = Release|Any CPU
	EndGlobalSection
	GlobalSection(SolutionProperties) = preSolution
		HideSolutionNode = FALSE
	EndGlobalSection
	GlobalSection(ExtensibilityGlobals) = postSolution
		SolutionGuid = {27F0CCA1-9964-4D42-BF74-D16A6B4BF8A6}
	EndGlobalSection
EndGlobal
